
Microsoft Visual Studio Solution File, Format Version 12.00
# Visual Studio 15
VisualStudioVersion = 15.0.27428.2043
MinimumVisualStudioVersion = 10.0.40219.1
Project("{FAE04EC0-301F-11D3-BF4B-00C04F79EFBC}") = "SGBank.UI", "SGBank.UI\SGBank.UI.csproj", "{94DA1C6C-1FEC-41EF-A9A6-36EC32E057B7}"
EndProject
Project("{FAE04EC0-301F-11D3-BF4B-00C04F79EFBC}") = "SGBank.Models", "SGBank.Models\SGBank.Models.csproj", "{034AA5AF-A8A2-44E2-9203-1007DDFF04BC}"
EndProject
Project("{FAE04EC0-301F-11D3-BF4B-00C04F79EFBC}") = "SGBank.BLL", "SGBank.BLL\SGBank.BLL.csproj", "{5943C451-E1AA-4F82-9E24-B07134F493E1}"
EndProject
Project("{FAE04EC0-301F-11D3-BF4B-00C04F79EFBC}") = "SGBank.Data", "SGBank.Data\SGBank.Data.csproj", "{10339694-2DCC-4EB9-95BE-975A927BBB13}"
EndProject
Project("{FAE04EC0-301F-11D3-BF4B-00C04F79EFBC}") = "SGBank.Tests", "SGBank.Tests\SGBank.Tests.csproj", "{C2007EE0-1F54-4E8D-8B35-9B87E5254F7C}"
EndProject
Global
	GlobalSection(SolutionConfigurationPlatforms) = preSolution
		Debug|Any CPU = Debug|Any CPU
		Release|Any CPU = Release|Any CPU
	EndGlobalSection
	GlobalSection(ProjectConfigurationPlatforms) = postSolution
		{94DA1C6C-1FEC-41EF-A9A6-36EC32E057B7}.Debug|Any CPU.ActiveCfg = Debug|Any CPU
		{94DA1C6C-1FEC-41EF-A9A6-36EC32E057B7}.Debug|Any CPU.Build.0 = Debug|Any CPU
		{94DA1C6C-1FEC-41EF-A9A6-36EC32E057B7}.Release|Any CPU.ActiveCfg = Release|Any CPU
		{94DA1C6C-1FEC-41EF-A9A6-36EC32E057B7}.Release|Any CPU.Build.0 = Release|Any CPU
		{034AA5AF-A8A2-44E2-9203-1007DDFF04BC}.Debug|Any CPU.ActiveCfg = Debug|Any CPU
		{034AA5AF-A8A2-44E2-9203-1007DDFF04BC}.Debug|Any CPU.Build.0 = Debug|Any CPU
		{034AA5AF-A8A2-44E2-9203-1007DDFF04BC}.Release|Any CPU.ActiveCfg = Release|Any CPU
		{034AA5AF-A8A2-44E2-9203-1007DDFF04BC}.Release|Any CPU.Build.0 = Release|Any CPU
		{5943C451-E1AA-4F82-9E24-B07134F493E1}.Debug|Any CPU.ActiveCfg = Debug|Any CPU
		{5943C451-E1AA-4F82-9E24-B07134F493E1}.Debug|Any CPU.Build.0 = Debug|Any CPU
		{5943C451-E1AA-4F82-9E24-B07134F493E1}.Release|Any CPU.ActiveCfg = Release|Any CPU
		{5943C451-E1AA-4F82-9E24-B07134F493E1}.Release|Any CPU.Build.0 = Release|Any CPU
		{10339694-2DCC-4EB9-95BE-975A927BBB13}.Debug|Any CPU.ActiveCfg = Debug|Any CPU
		{10339694-2DCC-4EB9-95BE-975A927BBB13}.Debug|Any CPU.Build.0 = Debug|Any CPU
		{10339694-2DCC-4EB9-95BE-975A927BBB13}.Release|Any CPU.ActiveCfg = Release|Any CPU
		{10339694-2DCC-4EB9-95BE-975A927BBB13}.Release|Any CPU.Build.0 = Release|Any CPU
		{C2007EE0-1F54-4E8D-8B35-9B87E5254F7C}.Debug|Any CPU.ActiveCfg = Debug|Any CPU
		{C2007EE0-1F54-4E8D-8B35-9B87E5254F7C}.Debug|Any CPU.Build.0 = Debug|Any CPU
		{C2007EE0-1F54-4E8D-8B35-9B87E5254F7C}.Release|Any CPU.ActiveCfg = Release|Any CPU
		{C2007EE0-1F54-4E8D-8B35-9B87E5254F7C}.Release|Any CPU.Build.0 = Release|Any CPU
	EndGlobalSection
	GlobalSection(SolutionProperties) = preSolution
		HideSolutionNode = FALSE
	EndGlobalSection
	GlobalSection(ExtensibilityGlobals) = postSolution
		SolutionGuid = {7E72C5E2-B68A-4B02-BF04-828400979A3E}
	EndGlobalSection
EndGlobal
